
Microsoft Visual Studio Solution File, Format Version 12.00
# Visual Studio 15
VisualStudioVersion = 15.0.28307.1000
MinimumVisualStudioVersion = 10.0.40219.1
Project("{FAE04EC0-301F-11D3-BF4B-00C04F79EFBC}") = "Cliente-UDP", "Cliente-UDP\Cliente-UDP.csproj", "{32C88B5F-3EC7-4F42-8759-0E55F8B3D70D}"
EndProject
Project("{FAE04EC0-301F-11D3-BF4B-00C04F79EFBC}") = "Servidor-UDP", "Servidor-UDP\Servidor-UDP.csproj", "{4201BE3D-ED46-47BF-BAB0-3249E4CF935D}"
EndProject
Global
	GlobalSection(SolutionConfigurationPlatforms) = preSolution
		Debug|Any CPU = Debug|Any CPU
		Release|Any CPU = Release|Any CPU
	EndGlobalSection
	GlobalSection(ProjectConfigurationPlatforms) = postSolution
		{32C88B5F-3EC7-4F42-8759-0E55F8B3D70D}.Debug|Any CPU.ActiveCfg = Debug|Any CPU
		{32C88B5F-3EC7-4F42-8759-0E55F8B3D70D}.Debug|Any CPU.Build.0 = Debug|Any CPU
		{32C88B5F-3EC7-4F42-8759-0E55F8B3D70D}.Release|Any CPU.ActiveCfg = Release|Any CPU
		{32C88B5F-3EC7-4F42-8759-0E55F8B3D70D}.Release|Any CPU.Build.0 = Release|Any CPU
		{4201BE3D-ED46-47BF-BAB0-3249E4CF935D}.Debug|Any CPU.ActiveCfg = Debug|Any CPU
		{4201BE3D-ED46-47BF-BAB0-3249E4CF935D}.Debug|Any CPU.Build.0 = Debug|Any CPU
		{4201BE3D-ED46-47BF-BAB0-3249E4CF935D}.Release|Any CPU.ActiveCfg = Release|Any CPU
		{4201BE3D-ED46-47BF-BAB0-3249E4CF935D}.Release|Any CPU.Build.0 = Release|Any CPU
	EndGlobalSection
	GlobalSection(SolutionProperties) = preSolution
		HideSolutionNode = FALSE
	EndGlobalSection
	GlobalSection(ExtensibilityGlobals) = postSolution
		SolutionGuid = {C33B7955-F1D6-45B4-B467-3545BC6FB59C}
	EndGlobalSection
EndGlobal
